
Microsoft Visual Studio Solution File, Format Version 9.00
# Visual Studio 2005
Project("{FAE04EC0-301F-11D3-BF4B-00C04F79EFBC}") = "MQuickGUI", "MQuickGUI.csproj", "{7F1D20AD-4052-4AA8-8A12-EBF0BE94142C}"
EndProject
Global
	GlobalSection(SolutionConfigurationPlatforms) = preSolution
		Debug|Any CPU = Debug|Any CPU
		Release|Any CPU = Release|Any CPU
	EndGlobalSection
	GlobalSection(ProjectConfigurationPlatforms) = postSolution
		{7F1D20AD-4052-4AA8-8A12-EBF0BE94142C}.Debug|Any CPU.ActiveCfg = Debug|Any CPU
		{7F1D20AD-4052-4AA8-8A12-EBF0BE94142C}.Debug|Any CPU.Build.0 = Debug|Any CPU
		{7F1D20AD-4052-4AA8-8A12-EBF0BE94142C}.Release|Any CPU.ActiveCfg = Release|Any CPU
		{7F1D20AD-4052-4AA8-8A12-EBF0BE94142C}.Release|Any CPU.Build.0 = Release|Any CPU
	EndGlobalSection
	GlobalSection(SolutionProperties) = preSolution
		HideSolutionNode = FALSE
	EndGlobalSection
EndGlobal
