
Microsoft Visual Studio Solution File, Format Version 10.00
# Visual Studio 2008
Project("{8BC9CEB8-8B4A-11D0-8D11-00A0C91BC942}") = "MOIS", "MOIS_vc9.vcproj", "{1B307434-E03F-4B55-8FBF-DD2CEF84B552}"
	ProjectSection(ProjectDependencies) = postProject
		{9CC704CB-4956-4479-BDEC-57CBC03F700E} = {9CC704CB-4956-4479-BDEC-57CBC03F700E}
	EndProjectSection
EndProject
Project("{FAE04EC0-301F-11D3-BF4B-00C04F79EFBC}") = "ConsoleTest_vc9", "..\ConsoleTest\ConsoleTest_vc9.csproj", "{2739FD59-0B85-4F2F-8840-8A14C1D422D0}"
EndProject
Project("{8BC9CEB8-8B4A-11D0-8D11-00A0C91BC942}") = "OIS", "..\ois\Win32\OIS_vc9.vcproj", "{9CC704CB-4956-4479-BDEC-57CBC03F700E}"
EndProject
Global
	GlobalSection(SolutionConfigurationPlatforms) = preSolution
		Debug Mixed|Any CPU = Debug Mixed|Any CPU
		Debug Mixed|Mixed Platforms = Debug Mixed|Mixed Platforms
		Debug Mixed|Win32 = Debug Mixed|Win32
		Debug|Any CPU = Debug|Any CPU
		Debug|Mixed Platforms = Debug|Mixed Platforms
		Debug|Win32 = Debug|Win32
		OIS_DebugDll|Any CPU = OIS_DebugDll|Any CPU
		OIS_DebugDll|Mixed Platforms = OIS_DebugDll|Mixed Platforms
		OIS_DebugDll|Win32 = OIS_DebugDll|Win32
		OIS_ReleaseDll|Any CPU = OIS_ReleaseDll|Any CPU
		OIS_ReleaseDll|Mixed Platforms = OIS_ReleaseDll|Mixed Platforms
		OIS_ReleaseDll|Win32 = OIS_ReleaseDll|Win32
		Release|Any CPU = Release|Any CPU
		Release|Mixed Platforms = Release|Mixed Platforms
		Release|Win32 = Release|Win32
	EndGlobalSection
	GlobalSection(ProjectConfigurationPlatforms) = postSolution
		{1B307434-E03F-4B55-8FBF-DD2CEF84B552}.Debug Mixed|Any CPU.ActiveCfg = Debug|Win32
		{1B307434-E03F-4B55-8FBF-DD2CEF84B552}.Debug Mixed|Mixed Platforms.ActiveCfg = Debug|Win32
		{1B307434-E03F-4B55-8FBF-DD2CEF84B552}.Debug Mixed|Mixed Platforms.Build.0 = Debug|Win32
		{1B307434-E03F-4B55-8FBF-DD2CEF84B552}.Debug Mixed|Win32.ActiveCfg = Debug|Win32
		{1B307434-E03F-4B55-8FBF-DD2CEF84B552}.Debug Mixed|Win32.Build.0 = Debug|Win32
		{1B307434-E03F-4B55-8FBF-DD2CEF84B552}.Debug|Any CPU.ActiveCfg = Debug|Win32
		{1B307434-E03F-4B55-8FBF-DD2CEF84B552}.Debug|Mixed Platforms.ActiveCfg = Debug|Win32
		{1B307434-E03F-4B55-8FBF-DD2CEF84B552}.Debug|Mixed Platforms.Build.0 = Debug|Win32
		{1B307434-E03F-4B55-8FBF-DD2CEF84B552}.Debug|Win32.ActiveCfg = Debug|Win32
		{1B307434-E03F-4B55-8FBF-DD2CEF84B552}.Debug|Win32.Build.0 = Debug|Win32
		{1B307434-E03F-4B55-8FBF-DD2CEF84B552}.OIS_DebugDll|Any CPU.ActiveCfg = Debug|Win32
		{1B307434-E03F-4B55-8FBF-DD2CEF84B552}.OIS_DebugDll|Mixed Platforms.ActiveCfg = Debug|Win32
		{1B307434-E03F-4B55-8FBF-DD2CEF84B552}.OIS_DebugDll|Mixed Platforms.Build.0 = Debug|Win32
		{1B307434-E03F-4B55-8FBF-DD2CEF84B552}.OIS_DebugDll|Win32.ActiveCfg = Debug|Win32
		{1B307434-E03F-4B55-8FBF-DD2CEF84B552}.OIS_DebugDll|Win32.Build.0 = Debug|Win32
		{1B307434-E03F-4B55-8FBF-DD2CEF84B552}.OIS_ReleaseDll|Any CPU.ActiveCfg = Release|Win32
		{1B307434-E03F-4B55-8FBF-DD2CEF84B552}.OIS_ReleaseDll|Mixed Platforms.ActiveCfg = Release|Win32
		{1B307434-E03F-4B55-8FBF-DD2CEF84B552}.OIS_ReleaseDll|Mixed Platforms.Build.0 = Release|Win32
		{1B307434-E03F-4B55-8FBF-DD2CEF84B552}.OIS_ReleaseDll|Win32.ActiveCfg = Release|Win32
		{1B307434-E03F-4B55-8FBF-DD2CEF84B552}.OIS_ReleaseDll|Win32.Build.0 = Release|Win32
		{1B307434-E03F-4B55-8FBF-DD2CEF84B552}.Release|Any CPU.ActiveCfg = Release|Win32
		{1B307434-E03F-4B55-8FBF-DD2CEF84B552}.Release|Mixed Platforms.ActiveCfg = Release|Win32
		{1B307434-E03F-4B55-8FBF-DD2CEF84B552}.Release|Mixed Platforms.Build.0 = Release|Win32
		{1B307434-E03F-4B55-8FBF-DD2CEF84B552}.Release|Win32.ActiveCfg = Release|Win32
		{1B307434-E03F-4B55-8FBF-DD2CEF84B552}.Release|Win32.Build.0 = Release|Win32
		{2739FD59-0B85-4F2F-8840-8A14C1D422D0}.Debug Mixed|Any CPU.ActiveCfg = Debug|Any CPU
		{2739FD59-0B85-4F2F-8840-8A14C1D422D0}.Debug Mixed|Any CPU.Build.0 = Debug|Any CPU
		{2739FD59-0B85-4F2F-8840-8A14C1D422D0}.Debug Mixed|Mixed Platforms.ActiveCfg = Debug|Any CPU
		{2739FD59-0B85-4F2F-8840-8A14C1D422D0}.Debug Mixed|Mixed Platforms.Build.0 = Debug|Any CPU
		{2739FD59-0B85-4F2F-8840-8A14C1D422D0}.Debug Mixed|Win32.ActiveCfg = Debug|Any CPU
		{2739FD59-0B85-4F2F-8840-8A14C1D422D0}.Debug|Any CPU.ActiveCfg = Debug|Any CPU
		{2739FD59-0B85-4F2F-8840-8A14C1D422D0}.Debug|Any CPU.Build.0 = Debug|Any CPU
		{2739FD59-0B85-4F2F-8840-8A14C1D422D0}.Debug|Mixed Platforms.ActiveCfg = Debug|Any CPU
		{2739FD59-0B85-4F2F-8840-8A14C1D422D0}.Debug|Mixed Platforms.Build.0 = Debug|Any CPU
		{2739FD59-0B85-4F2F-8840-8A14C1D422D0}.Debug|Win32.ActiveCfg = Debug|Any CPU
		{2739FD59-0B85-4F2F-8840-8A14C1D422D0}.OIS_DebugDll|Any CPU.ActiveCfg = Debug|Any CPU
		{2739FD59-0B85-4F2F-8840-8A14C1D422D0}.OIS_DebugDll|Any CPU.Build.0 = Debug|Any CPU
		{2739FD59-0B85-4F2F-8840-8A14C1D422D0}.OIS_DebugDll|Mixed Platforms.ActiveCfg = Debug|Any CPU
		{2739FD59-0B85-4F2F-8840-8A14C1D422D0}.OIS_DebugDll|Mixed Platforms.Build.0 = Debug|Any CPU
		{2739FD59-0B85-4F2F-8840-8A14C1D422D0}.OIS_DebugDll|Win32.ActiveCfg = Debug|Any CPU
		{2739FD59-0B85-4F2F-8840-8A14C1D422D0}.OIS_ReleaseDll|Any CPU.ActiveCfg = Release|Any CPU
		{2739FD59-0B85-4F2F-8840-8A14C1D422D0}.OIS_ReleaseDll|Any CPU.Build.0 = Release|Any CPU
		{2739FD59-0B85-4F2F-8840-8A14C1D422D0}.OIS_ReleaseDll|Mixed Platforms.ActiveCfg = Release|Any CPU
		{2739FD59-0B85-4F2F-8840-8A14C1D422D0}.OIS_ReleaseDll|Mixed Platforms.Build.0 = Release|Any CPU
		{2739FD59-0B85-4F2F-8840-8A14C1D422D0}.OIS_ReleaseDll|Win32.ActiveCfg = Release|Any CPU
		{2739FD59-0B85-4F2F-8840-8A14C1D422D0}.Release|Any CPU.ActiveCfg = Release|Any CPU
		{2739FD59-0B85-4F2F-8840-8A14C1D422D0}.Release|Any CPU.Build.0 = Release|Any CPU
		{2739FD59-0B85-4F2F-8840-8A14C1D422D0}.Release|Mixed Platforms.ActiveCfg = Release|Any CPU
		{2739FD59-0B85-4F2F-8840-8A14C1D422D0}.Release|Mixed Platforms.Build.0 = Release|Any CPU
		{2739FD59-0B85-4F2F-8840-8A14C1D422D0}.Release|Win32.ActiveCfg = Release|Any CPU
		{9CC704CB-4956-4479-BDEC-57CBC03F700E}.Debug Mixed|Any CPU.ActiveCfg = Debug|Win32
		{9CC704CB-4956-4479-BDEC-57CBC03F700E}.Debug Mixed|Mixed Platforms.ActiveCfg = Debug|Win32
		{9CC704CB-4956-4479-BDEC-57CBC03F700E}.Debug Mixed|Mixed Platforms.Build.0 = Debug|Win32
		{9CC704CB-4956-4479-BDEC-57CBC03F700E}.Debug Mixed|Win32.ActiveCfg = Debug|Win32
		{9CC704CB-4956-4479-BDEC-57CBC03F700E}.Debug Mixed|Win32.Build.0 = Debug|Win32
		{9CC704CB-4956-4479-BDEC-57CBC03F700E}.Debug|Any CPU.ActiveCfg = Debug|Win32
		{9CC704CB-4956-4479-BDEC-57CBC03F700E}.Debug|Mixed Platforms.ActiveCfg = Debug|Win32
		{9CC704CB-4956-4479-BDEC-57CBC03F700E}.Debug|Mixed Platforms.Build.0 = Debug|Win32
		{9CC704CB-4956-4479-BDEC-57CBC03F700E}.Debug|Win32.ActiveCfg = Debug|Win32
		{9CC704CB-4956-4479-BDEC-57CBC03F700E}.Debug|Win32.Build.0 = Debug|Win32
		{9CC704CB-4956-4479-BDEC-57CBC03F700E}.OIS_DebugDll|Any CPU.ActiveCfg = OIS_DebugDll|Win32
		{9CC704CB-4956-4479-BDEC-57CBC03F700E}.OIS_DebugDll|Mixed Platforms.ActiveCfg = OIS_DebugDll|Win32
		{9CC704CB-4956-4479-BDEC-57CBC03F700E}.OIS_DebugDll|Mixed Platforms.Build.0 = OIS_DebugDll|Win32
		{9CC704CB-4956-4479-BDEC-57CBC03F700E}.OIS_DebugDll|Win32.ActiveCfg = OIS_DebugDll|Win32
		{9CC704CB-4956-4479-BDEC-57CBC03F700E}.OIS_DebugDll|Win32.Build.0 = OIS_DebugDll|Win32
		{9CC704CB-4956-4479-BDEC-57CBC03F700E}.OIS_ReleaseDll|Any CPU.ActiveCfg = OIS_ReleaseDll|Win32
		{9CC704CB-4956-4479-BDEC-57CBC03F700E}.OIS_ReleaseDll|Mixed Platforms.ActiveCfg = OIS_ReleaseDll|Win32
		{9CC704CB-4956-4479-BDEC-57CBC03F700E}.OIS_ReleaseDll|Mixed Platforms.Build.0 = OIS_ReleaseDll|Win32
		{9CC704CB-4956-4479-BDEC-57CBC03F700E}.OIS_ReleaseDll|Win32.ActiveCfg = OIS_ReleaseDll|Win32
		{9CC704CB-4956-4479-BDEC-57CBC03F700E}.OIS_ReleaseDll|Win32.Build.0 = OIS_ReleaseDll|Win32
		{9CC704CB-4956-4479-BDEC-57CBC03F700E}.Release|Any CPU.ActiveCfg = Release|Win32
		{9CC704CB-4956-4479-BDEC-57CBC03F700E}.Release|Mixed Platforms.ActiveCfg = Release|Win32
		{9CC704CB-4956-4479-BDEC-57CBC03F700E}.Release|Mixed Platforms.Build.0 = Release|Win32
		{9CC704CB-4956-4479-BDEC-57CBC03F700E}.Release|Win32.ActiveCfg = Release|Win32
		{9CC704CB-4956-4479-BDEC-57CBC03F700E}.Release|Win32.Build.0 = Release|Win32
	EndGlobalSection
	GlobalSection(SolutionProperties) = preSolution
		HideSolutionNode = FALSE
	EndGlobalSection
EndGlobal
